
Microsoft Visual Studio Solution File, Format Version 12.00
# Visual Studio Version 16
VisualStudioVersion = 16.0.32802.440
MinimumVisualStudioVersion = 10.0.40219.1
Project("{FAE04EC0-301F-11D3-BF4B-00C04F79EFBC}") = "FunWithCSharp", "FunWithCSharp.csproj", "{7F623955-EBB1-40C1-9E08-AC062069641B}"
EndProject
Global
	GlobalSection(SolutionConfigurationPlatforms) = preSolution
		Debug|Any CPU = Debug|Any CPU
		Release|Any CPU = Release|Any CPU
	EndGlobalSection
	GlobalSection(ProjectConfigurationPlatforms) = postSolution
		{7F623955-EBB1-40C1-9E08-AC062069641B}.Debug|Any CPU.ActiveCfg = Debug|Any CPU
		{7F623955-EBB1-40C1-9E08-AC062069641B}.Debug|Any CPU.Build.0 = Debug|Any CPU
		{7F623955-EBB1-40C1-9E08-AC062069641B}.Release|Any CPU.ActiveCfg = Release|Any CPU
		{7F623955-EBB1-40C1-9E08-AC062069641B}.Release|Any CPU.Build.0 = Release|Any CPU
	EndGlobalSection
	GlobalSection(SolutionProperties) = preSolution
		HideSolutionNode = FALSE
	EndGlobalSection
	GlobalSection(ExtensibilityGlobals) = postSolution
		SolutionGuid = {9BC66430-8D56-4294-A631-33D08B5BA1B7}
	EndGlobalSection
EndGlobal
